// !$*UTF8*$!
{
	archiveVersion = 1;
	classes = {
	};
	objectVersion = 46;
	objects = {

/* Begin PBXBuildFile section */
		CBA9A8021D24D56200A32509 /* AppDelegate.swift in Sources */ = {isa = PBXBuildFile; fileRef = CBA9A8011D24D56200A32509 /* AppDelegate.swift */; };
		CBA9A8041D24D56200A32509 /* ViewController.swift in Sources */ = {isa = PBXBuildFile; fileRef = CBA9A8031D24D56200A32509 /* ViewController.swift */; };
		CBA9A8071D24D56200A32509 /* Main.storyboard in Resources */ = {isa = PBXBuildFile; fileRef = CBA9A8051D24D56200A32509 /* Main.storyboard */; };
		CBA9A8091D24D56200A32509 /* Assets.xcassets in Resources */ = {isa = PBXBuildFile; fileRef = CBA9A8081D24D56200A32509 /* Assets.xcassets */; };
		CBA9A80C1D24D56200A32509 /* LaunchScreen.storyboard in Resources */ = {isa = PBXBuildFile; fileRef = CBA9A80A1D24D56200A32509 /* LaunchScreen.storyboard */; };
		CBA9A8141D24DA9000A32509 /* pokemon.csv in Resources */ = {isa = PBXBuildFile; fileRef = CBA9A8131D24DA9000A32509 /* pokemon.csv */; };
/* End PBXBuildFile section */

/* Begin PBXFileReference section */
		CBA9A7FE1D24D56200A32509 /* Pokedex.app */ = {isa = PBXFileReference; explicitFileType = wrapper.application; includeInIndex = 0; path = Pokedex.app; sourceTree = BUILT_PRODUCTS_DIR; };
		CBA9A8011D24D56200A32509 /* AppDelegate.swift */ = {isa = PBXFileReference; lastKnownFileType = sourcecode.swift; path = AppDelegate.swift; sourceTree = "<group>"; };
		CBA9A8031D24D56200A32509 /* ViewController.swift */ = {isa = PBXFileReference; lastKnownFileType = sourcecode.swift; path = ViewController.swift; sourceTree = "<group>"; };
		CBA9A8061D24D56200A32509 /* Base */ = {isa = PBXFileReference; lastKnownFileType = file.storyboard; name = Base; path = Base.lproj/Main.storyboard; sourceTree = "<group>"; };
		CBA9A8081D24D56200A32509 /* Assets.xcassets */ = {isa = PBXFileReference; lastKnownFileType = folder.assetcatalog; path = Assets.xcassets; sourceTree = "<group>"; };
		CBA9A80B1D24D56200A32509 /* Base */ = {isa = PBXFileReference; lastKnownFileType = file.storyboard; name = Base; path = Base.lproj/LaunchScreen.storyboard; sourceTree = "<group>"; };
		CBA9A80D1D24D56200A32509 /* Info.plist */ = {isa = PBXFileReference; lastKnownFileType = text.plist.xml; path = Info.plist; sourceTree = "<group>"; };
		CBA9A8131D24DA9000A32509 /* pokemon.csv */ = {isa = PBXFileReference; fileEncoding = 4; lastKnownFileType = text; path = pokemon.csv; sourceTree = "<group>"; };
/* End PBXFileReference section */

/* Begin PBXFrameworksBuildPhase section */
		CBA9A7FB1D24D56200A32509 /* Frameworks */ = {
			isa = PBXFrameworksBuildPhase;
			buildActionMask = 2147483647;
			files = (
			);
			runOnlyForDeploymentPostprocessing = 0;
		};
/* End PBXFrameworksBuildPhase section */

/* Begin PBXGroup section */
		CBA9A7F51D24D56200A32509 = {
			isa = PBXGroup;
			children = (
				CBA9A8001D24D56200A32509 /* Pokedex */,
				CBA9A7FF1D24D56200A32509 /* Products */,
			);
			sourceTree = "<group>";
		};
		CBA9A7FF1D24D56200A32509 /* Products */ = {
			isa = PBXGroup;
			children = (
				CBA9A7FE1D24D56200A32509 /* Pokedex.app */,
			);
			name = Products;
			sourceTree = "<group>";
		};
		CBA9A8001D24D56200A32509 /* Pokedex */ = {
			isa = PBXGroup;
			children = (
				CBA9A8011D24D56200A32509 /* AppDelegate.swift */,
				CBA9A8131D24DA9000A32509 /* pokemon.csv */,
				CBA9A8031D24D56200A32509 /* ViewController.swift */,
				CBA9A8051D24D56200A32509 /* Main.storyboard */,
				CBA9A8081D24D56200A32509 /* Assets.xcassets */,
				CBA9A80A1D24D56200A32509 /* LaunchScreen.storyboard */,
				CBA9A80D1D24D56200A32509 /* Info.plist */,
			);
			path = Pokedex;
			sourceTree = "<group>";
		};
/* End PBXGroup section */

/* Begin PBXNativeTarget section */
		CBA9A7FD1D24D56200A32509 /* Pokedex */ = {
			isa = PBXNativeTarget;
			buildConfigurationList = CBA9A8101D24D56200A32509 /* Build configuration list for PBXNativeTarget "Pokedex" */;
			buildPhases = (
				CBA9A7FA1D24D56200A32509 /* Sources */,
				CBA9A7FB1D24D56200A32509 /* Frameworks */,
				CBA9A7FC1D24D56200A32509 /* Resources */,
			);
			buildRules = (
			);
			dependencies = (
			);
			name = Pokedex;
			productName = Pokedex;
			productReference = CBA9A7FE1D24D56200A32509 /* Pokedex.app */;
			productType = "com.apple.product-type.application";
		};
/* End PBXNativeTarget section */

/* Begin PBXProject section */
		CBA9A7F61D24D56200A32509 /* Project object */ = {
			isa = PBXProject;
			attributes = {
				LastSwiftUpdateCheck = 0730;
				LastUpgradeCheck = 0730;
				ORGANIZATIONNAME = "Faiyaz Ahmed";
				TargetAttributes = {
					CBA9A7FD1D24D56200A32509 = {
						CreatedOnToolsVersion = 7.3;
					};
				};
			};
			buildConfigurationList = CBA9A7F91D24D56200A32509 /* Build configuration list for PBXProject "Pokedex" */;
			compatibilityVersion = "Xcode 3.2";
			developmentRegion = English;
			hasScannedForEncodings = 0;
			knownRegions = (
				en,
				Base,
			);
			mainGroup = CBA9A7F51D24D56200A32509;
			productRefGroup = CBA9A7FF1D24D56200A32509 /* Products */;
			projectDirPath = "";
			projectRoot = "";
			targets = (
				CBA9A7FD1D24D56200A32509 /* Pokedex */,
			);
		};
/* End PBXProject section */

/* Begin PBXResourcesBuildPhase section */
		CBA9A7FC1D24D56200A32509 /* Resources */ = {
			isa = PBXResourcesBuildPhase;
			buildActionMask = 2147483647;
			files = (
				CBA9A80C1D24D56200A32509 /* LaunchScreen.storyboard in Resources */,
				CBA9A8091D24D56200A32509 /* Assets.xcassets in Resources */,
				CBA9A8141D24DA9000A32509 /* pokemon.csv in Resources */,
				CBA9A8071D24D56200A32509 /* Main.storyboard in Resources */,
			);
			runOnlyForDeploymentPostprocessing = 0;
		};
/* End PBXResourcesBuildPhase section */

/* Begin PBXSourcesBuildPhase section */
		CBA9A7FA1D24D56200A32509 /* Sources */ = {
			isa = PBXSourcesBuildPhase;
			buildActionMask = 2147483647;
			files = (
				CBA9A8041D24D56200A32509 /* ViewController.swift in Sources */,
				CBA9A8021D24D56200A32509 /* AppDelegate.swift in Sources */,
			);
			runOnlyForDeploymentPostprocessing = 0;
		};
/* End PBXSourcesBuildPhase section */

/* Begin PBXVariantGroup section */
		CBA9A8051D24D56200A32509 /* Main.storyboard */ = {
			isa = PBXVariantGroup;
			children = (
				CBA9A8061D24D56200A32509 /* Base */,
			);
			name = Main.storyboard;
			sourceTree = "<group>";
		};
		CBA9A80A1D24D56200A32509 /* LaunchScreen.storyboard */ = {
			isa = PBXVariantGroup;
			children = (
				CBA9A80B1D24D56200A32509 /* Base */,
			);
			name = LaunchScreen.storyboard;
			sourceTree = "<group>";
		};
/* End PBXVariantGroup section */

/* Begin XCBuildConfiguration section */
		CBA9A80E1D24D56200A32509 /* Debug */ = {
			isa = XCBuildConfiguration;
			buildSettings = {
				ALWAYS_SEARCH_USER_PATHS = NO;
				CLANG_ANALYZER_NONNULL = YES;
				CLANG_CXX_LANGUAGE_STANDARD = "gnu++0x";
				CLANG_CXX_LIBRARY = "libc++";
				CLANG_ENABLE_MODULES = YES;
				CLANG_ENABLE_OBJC_ARC = YES;
				CLANG_WARN_BOOL_CONVERSION = YES;
				CLANG_WARN_CONSTANT_CONVERSION = YES;
				CLANG_WARN_DIRECT_OBJC_ISA_USAGE = YES_ERROR;
				CLANG_WARN_EMPTY_BODY = YES;
				CLANG_WARN_ENUM_CONVERSION = YES;
				CLANG_WARN_INT_CONVERSION = YES;
				CLANG_WARN_OBJC_ROOT_CLASS = YES_ERROR;
				CLANG_WARN_UNREACHABLE_CODE = YES;
				CLANG_WARN__DUPLICATE_METHOD_MATCH = YES;
				"CODE_SIGN_IDENTITY[sdk=iphoneos*]" = "iPhone Developer";
				COPY_PHASE_STRIP = NO;
				DEBUG_INFORMATION_FORMAT = dwarf;
				ENABLE_STRICT_OBJC_MSGSEND = YES;
				ENABLE_TESTABILITY = YES;
				GCC_C_LANGUAGE_STANDARD = gnu99;
				GCC_DYNAMIC_NO_PIC = NO;
				GCC_NO_COMMON_BLOCKS = YES;
				GCC_OPTIMIZATION_LEVEL = 0;
				GCC_PREPROCESSOR_DEFINITIONS = (
					"DEBUG=1",
					"$(inherited)",
				);
				GCC_WARN_64_TO_32_BIT_CONVERSION = YES;
				GCC_WARN_ABOUT_RETURN_TYPE = YES_ERROR;
				GCC_WARN_UNDECLARED_SELECTOR = YES;
				GCC_WARN_UNINITIALIZED_AUTOS = YES_AGGRESSIVE;
				GCC_WARN_UNUSED_FUNCTION = YES;
				GCC_WARN_UNUSED_VARIABLE = YES;
				IPHONEOS_DEPLOYMENT_TARGET = 9.3;
				MTL_ENABLE_DEBUG_INFO = YES;
				ONLY_ACTIVE_ARCH = YES;
				SDKROOT = iphoneos;
				SWIFT_OPTIMIZATION_LEVEL = "-Onone";
			};
			name = Debug;
		};
		CBA9A80F1D24D56200A32509 /* Release */ = {
			isa = XCBuildConfiguration;
			buildSettings = {
				ALWAYS_SEARCH_USER_PATHS = NO;
				CLANG_ANALYZER_NONNULL = YES;
				CLANG_CXX_LANGUAGE_STANDARD = "gnu++0x";
				CLANG_CXX_LIBRARY = "libc++";
				CLANG_ENABLE_MODULES = YES;
				CLANG_ENABLE_OBJC_ARC = YES;
				CLANG_WARN_BOOL_CONVERSION = YES;
				CLANG_WARN_CONSTANT_CONVERSION = YES;
				CLANG_WARN_DIRECT_OBJC_ISA_USAGE = YES_ERROR;
				CLANG_WARN_EMPTY_BODY = YES;
				CLANG_WARN_ENUM_CONVERSION = YES;
				CLANG_WARN_INT_CONVERSION = YES;
				CLANG_WARN_OBJC_ROOT_CLASS = YES_ERROR;
				CLANG_WARN_UNREACHABLE_CODE = YES;
				CLANG_WARN__DUPLICATE_METHOD_MATCH = YES;
				"CODE_SIGN_IDENTITY[sdk=iphoneos*]" = "iPhone Developer";
				COPY_PHASE_STRIP = NO;
				DEBUG_INFORMATION_FORMAT = "dwarf-with-dsym";
				ENABLE_NS_ASSERTIONS = NO;
				ENABLE_STRICT_OBJC_MSGSEND = YES;
				GCC_C_LANGUAGE_STANDARD = gnu99;
				GCC_NO_COMMON_BLOCKS = YES;
				GCC_WARN_64_TO_32_BIT_CONVERSION = YES;
				GCC_WARN_ABOUT_RETURN_TYPE = YES_ERROR;
				GCC_WARN_UNDECLARED_SELECTOR = YES;
				GCC_WARN_UNINITIALIZED_AUTOS = YES_AGGRESSIVE;
				GCC_WARN_UNUSED_FUNCTION = YES;
				GCC_WARN_UNUSED_VARIABLE = YES;
				IPHONEOS_DEPLOYMENT_TARGET = 9.3;
				MTL_ENABLE_DEBUG_INFO = NO;
				SDKROOT = iphoneos;
				VALIDATE_PRODUCT = YES;
			};
			name = Release;
		};
		CBA9A8111D24D56200A32509 /* Debug */ = {
			isa = XCBuildConfiguration;
			buildSettings = {
				ASSETCATALOG_COMPILER_APPICON_NAME = AppIcon;
				INFOPLIST_FILE = Pokedex/Info.plist;
				LD_RUNPATH_SEARCH_PATHS = "$(inherited) @executable_path/Frameworks";
				PRODUCT_BUNDLE_IDENTIFIER = "office-work.Pokedex";
				PRODUCT_NAME = "$(TARGET_NAME)";
			};
			name = Debug;
		};
		CBA9A8121D24D56200A32509 /* Release */ = {
			isa = XCBuildConfiguration;
			buildSettings = {
				ASSETCATALOG_COMPILER_APPICON_NAME = AppIcon;
				INFOPLIST_FILE = Pokedex/Info.plist;
				LD_RUNPATH_SEARCH_PATHS = "$(inherited) @executable_path/Frameworks";
				PRODUCT_BUNDLE_IDENTIFIER = "office-work.Pokedex";
				PRODUCT_NAME = "$(TARGET_NAME)";
			};
			name = Release;
		};
/* End XCBuildConfiguration section */

/* Begin XCConfigurationList section */
		CBA9A7F91D24D56200A32509 /* Build configuration list for PBXProject "Pokedex" */ = {
			isa = XCConfigurationList;
			buildConfigurations = (
				CBA9A80E1D24D56200A32509 /* Debug */,
				CBA9A80F1D24D56200A32509 /* Release */,
			);
			defaultConfigurationIsVisible = 0;
			defaultConfigurationName = Release;
		};
		CBA9A8101D24D56200A32509 /* Build configuration list for PBXNativeTarget "Pokedex" */ = {
			isa = XCConfigurationList;
			buildConfigurations = (
				CBA9A8111D24D56200A32509 /* Debug */,
				CBA9A8121D24D56200A32509 /* Release */,
			);
			defaultConfigurationIsVisible = 0;
			defaultConfigurationName = Release;
		};
/* End XCConfigurationList section */
	};
	rootObject = CBA9A7F61D24D56200A32509 /* Project object */;
}
